
Microsoft Visual Studio Solution File, Format Version 12.00
# Visual Studio 15
Project("{FAE04EC0-301F-11D3-BF4B-00C04F79EFBC}") = "Assembly-CSharp", "Assembly-CSharp.csproj", "{BFE09DAF-9F48-A8BE-8D6E-E3E9AC2E58A8}"
EndProject
Project("{FAE04EC0-301F-11D3-BF4B-00C04F79EFBC}") = "Assembly-CSharp-firstpass", "Assembly-CSharp-firstpass.csproj", "{59595223-F26B-F172-0FB0-2C5D8C1F6324}"
EndProject
Project("{FAE04EC0-301F-11D3-BF4B-00C04F79EFBC}") = "Assembly-CSharp-Editor-firstpass", "Assembly-CSharp-Editor-firstpass.csproj", "{63314AB7-CF47-0706-231C-D06F812E10CD}"
EndProject
Global
	GlobalSection(SolutionConfigurationPlatforms) = preSolution
		Debug|Any CPU = Debug|Any CPU
		Release|Any CPU = Release|Any CPU
	EndGlobalSection
	GlobalSection(ProjectConfigurationPlatforms) = postSolution
		{BFE09DAF-9F48-A8BE-8D6E-E3E9AC2E58A8}.Debug|Any CPU.ActiveCfg = Debug|Any CPU
		{BFE09DAF-9F48-A8BE-8D6E-E3E9AC2E58A8}.Debug|Any CPU.Build.0 = Debug|Any CPU
		{BFE09DAF-9F48-A8BE-8D6E-E3E9AC2E58A8}.Release|Any CPU.ActiveCfg = Release|Any CPU
		{BFE09DAF-9F48-A8BE-8D6E-E3E9AC2E58A8}.Release|Any CPU.Build.0 = Release|Any CPU
		{59595223-F26B-F172-0FB0-2C5D8C1F6324}.Debug|Any CPU.ActiveCfg = Debug|Any CPU
		{59595223-F26B-F172-0FB0-2C5D8C1F6324}.Debug|Any CPU.Build.0 = Debug|Any CPU
		{59595223-F26B-F172-0FB0-2C5D8C1F6324}.Release|Any CPU.ActiveCfg = Release|Any CPU
		{59595223-F26B-F172-0FB0-2C5D8C1F6324}.Release|Any CPU.Build.0 = Release|Any CPU
		{63314AB7-CF47-0706-231C-D06F812E10CD}.Debug|Any CPU.ActiveCfg = Debug|Any CPU
		{63314AB7-CF47-0706-231C-D06F812E10CD}.Debug|Any CPU.Build.0 = Debug|Any CPU
		{63314AB7-CF47-0706-231C-D06F812E10CD}.Release|Any CPU.ActiveCfg = Release|Any CPU
		{63314AB7-CF47-0706-231C-D06F812E10CD}.Release|Any CPU.Build.0 = Release|Any CPU
	EndGlobalSection
	GlobalSection(SolutionProperties) = preSolution
		HideSolutionNode = FALSE
	EndGlobalSection
EndGlobal
